
Microsoft Visual Studio Solution File, Format Version 12.00
# Visual Studio Version 17
VisualStudioVersion = 17.7.34024.191
MinimumVisualStudioVersion = 10.0.40219.1
Project("{FAE04EC0-301F-11D3-BF4B-00C04F79EFBC}") = "QuaExercicioCondicionais", "QuaExercicioCondicionais.csproj", "{FCAC2CDC-78C9-4C43-830C-038467D650B7}"
EndProject
Global
	GlobalSection(SolutionConfigurationPlatforms) = preSolution
		Debug|Any CPU = Debug|Any CPU
		Release|Any CPU = Release|Any CPU
	EndGlobalSection
	GlobalSection(ProjectConfigurationPlatforms) = postSolution
		{FCAC2CDC-78C9-4C43-830C-038467D650B7}.Debug|Any CPU.ActiveCfg = Debug|Any CPU
		{FCAC2CDC-78C9-4C43-830C-038467D650B7}.Debug|Any CPU.Build.0 = Debug|Any CPU
		{FCAC2CDC-78C9-4C43-830C-038467D650B7}.Release|Any CPU.ActiveCfg = Release|Any CPU
		{FCAC2CDC-78C9-4C43-830C-038467D650B7}.Release|Any CPU.Build.0 = Release|Any CPU
	EndGlobalSection
	GlobalSection(SolutionProperties) = preSolution
		HideSolutionNode = FALSE
	EndGlobalSection
	GlobalSection(ExtensibilityGlobals) = postSolution
		SolutionGuid = {A8A3137A-EC6D-45BD-898C-2F192D87CC35}
	EndGlobalSection
EndGlobal
