
Microsoft Visual Studio Solution File, Format Version 12.00
# Visual Studio Version 17
VisualStudioVersion = 17.7.34024.191
MinimumVisualStudioVersion = 10.0.40219.1
Project("{FAE04EC0-301F-11D3-BF4B-00C04F79EFBC}") = "QuiExercicioVetor", "QuiExercicioVetor.csproj", "{046A7E5E-5C43-40E6-B742-42BBBE4B1413}"
EndProject
Global
	GlobalSection(SolutionConfigurationPlatforms) = preSolution
		Debug|Any CPU = Debug|Any CPU
		Release|Any CPU = Release|Any CPU
	EndGlobalSection
	GlobalSection(ProjectConfigurationPlatforms) = postSolution
		{046A7E5E-5C43-40E6-B742-42BBBE4B1413}.Debug|Any CPU.ActiveCfg = Debug|Any CPU
		{046A7E5E-5C43-40E6-B742-42BBBE4B1413}.Debug|Any CPU.Build.0 = Debug|Any CPU
		{046A7E5E-5C43-40E6-B742-42BBBE4B1413}.Release|Any CPU.ActiveCfg = Release|Any CPU
		{046A7E5E-5C43-40E6-B742-42BBBE4B1413}.Release|Any CPU.Build.0 = Release|Any CPU
	EndGlobalSection
	GlobalSection(SolutionProperties) = preSolution
		HideSolutionNode = FALSE
	EndGlobalSection
	GlobalSection(ExtensibilityGlobals) = postSolution
		SolutionGuid = {97BAA175-E80C-403D-9DF2-55E485C4CB70}
	EndGlobalSection
EndGlobal
